
Microsoft Visual Studio Solution File, Format Version 12.00
# Visual Studio Version 17
VisualStudioVersion = 17.8.34316.72
MinimumVisualStudioVersion = 10.0.40219.1
Project("{FAE04EC0-301F-11D3-BF4B-00C04F79EFBC}") = "to ten", "to ten\to ten.csproj", "{42897CDB-9048-4327-978A-27926E3F32CE}"
EndProject
Global
	GlobalSection(SolutionConfigurationPlatforms) = preSolution
		Debug|Any CPU = Debug|Any CPU
		Release|Any CPU = Release|Any CPU
	EndGlobalSection
	GlobalSection(ProjectConfigurationPlatforms) = postSolution
		{42897CDB-9048-4327-978A-27926E3F32CE}.Debug|Any CPU.ActiveCfg = Debug|Any CPU
		{42897CDB-9048-4327-978A-27926E3F32CE}.Debug|Any CPU.Build.0 = Debug|Any CPU
		{42897CDB-9048-4327-978A-27926E3F32CE}.Release|Any CPU.ActiveCfg = Release|Any CPU
		{42897CDB-9048-4327-978A-27926E3F32CE}.Release|Any CPU.Build.0 = Release|Any CPU
	EndGlobalSection
	GlobalSection(SolutionProperties) = preSolution
		HideSolutionNode = FALSE
	EndGlobalSection
	GlobalSection(ExtensibilityGlobals) = postSolution
		SolutionGuid = {8ECECAB3-BA1E-46C3-866F-8C05CEE30E41}
	EndGlobalSection
EndGlobal
